
Microsoft Visual Studio Solution File, Format Version 12.00
# Visual Studio Version 17
VisualStudioVersion = 17.0.31903.59
MinimumVisualStudioVersion = 10.0.40219.1
Project("{FAE04EC0-301F-11D3-BF4B-00C04F79EFBC}") = "CS1", "CS1\CS1.csproj", "{3611F877-0070-4F1C-9A00-5AAD44306038}"
EndProject
Global
	GlobalSection(SolutionConfigurationPlatforms) = preSolution
		Debug|Any CPU = Debug|Any CPU
		Release|Any CPU = Release|Any CPU
	EndGlobalSection
	GlobalSection(ProjectConfigurationPlatforms) = postSolution
		{3611F877-0070-4F1C-9A00-5AAD44306038}.Debug|Any CPU.ActiveCfg = Debug|Any CPU
		{3611F877-0070-4F1C-9A00-5AAD44306038}.Debug|Any CPU.Build.0 = Debug|Any CPU
		{3611F877-0070-4F1C-9A00-5AAD44306038}.Release|Any CPU.ActiveCfg = Release|Any CPU
		{3611F877-0070-4F1C-9A00-5AAD44306038}.Release|Any CPU.Build.0 = Release|Any CPU
	EndGlobalSection
	GlobalSection(SolutionProperties) = preSolution
		HideSolutionNode = FALSE
	EndGlobalSection
	GlobalSection(ExtensibilityGlobals) = postSolution
		SolutionGuid = {AE055FE1-5F36-4F9A-B5F5-7F0F910CFC0A}
	EndGlobalSection
EndGlobal
